
Microsoft Visual Studio Solution File, Format Version 12.00
# Visual Studio Version 16
VisualStudioVersion = 16.0.29215.179
MinimumVisualStudioVersion = 10.0.40219.1
Project("{2150E333-8FDC-42A3-9474-1A3956D46DE8}") = "Solution Items", "Solution Items", "{D55F1060-6D49-400F-B9F6-4B9D71428FBE}"
	ProjectSection(SolutionItems) = preProject
		Directory.Build.props = Directory.Build.props
		..\..\LICENSE = ..\..\LICENSE
		..\..\PackagesBuild.bat = ..\..\PackagesBuild.bat
		..\..\README.md = ..\..\README.md
	EndProjectSection
EndProject
Project("{9A19103F-16F7-4668-BE54-9A1E7A4F7556}") = "PH.UowEntityFramework.UnitOfWork", "PH.UowEntityFramework.UnitOfWork\PH.UowEntityFramework.UnitOfWork.csproj", "{709A79DB-F577-4363-9424-484A9985A1ED}"
EndProject
Project("{9A19103F-16F7-4668-BE54-9A1E7A4F7556}") = "PH.UowEntityFramework.EntityFramework", "PH.UowEntityFramework.EntityFramework\PH.UowEntityFramework.EntityFramework.csproj", "{1427E797-8B42-4FAD-86C0-C1730B6F64F4}"
EndProject
Project("{9A19103F-16F7-4668-BE54-9A1E7A4F7556}") = "PH.UowEntityFramework.EntityFramework.Abstractions", "PH.UowEntityFramework.EntityFramework.Abstractions\PH.UowEntityFramework.EntityFramework.Abstractions.csproj", "{99FEE051-3803-41A7-A856-F0E9498144B9}"
EndProject
Project("{2150E333-8FDC-42A3-9474-1A3956D46DE8}") = "Test", "Test", "{4F18BCA2-04F6-4830-B443-39AFE4BCFE3B}"
EndProject
Project("{FAE04EC0-301F-11D3-BF4B-00C04F79EFBC}") = "PH.UowEntityFramework.TestCtx", "PH.UowEntityFramework.TestCtx\PH.UowEntityFramework.TestCtx.csproj", "{806C1C33-500A-4919-9815-5737934E5B74}"
EndProject
Project("{FAE04EC0-301F-11D3-BF4B-00C04F79EFBC}") = "PH.UowEntityFramework.XUnitTest", "PH.UowEntityFramework.XUnitTest\PH.UowEntityFramework.XUnitTest.csproj", "{918EE10F-3C7D-419C-9B4A-879979C4F8A6}"
EndProject
Global
	GlobalSection(SolutionConfigurationPlatforms) = preSolution
		Debug|Any CPU = Debug|Any CPU
		Release|Any CPU = Release|Any CPU
	EndGlobalSection
	GlobalSection(ProjectConfigurationPlatforms) = postSolution
		{709A79DB-F577-4363-9424-484A9985A1ED}.Debug|Any CPU.ActiveCfg = Debug|Any CPU
		{709A79DB-F577-4363-9424-484A9985A1ED}.Debug|Any CPU.Build.0 = Debug|Any CPU
		{709A79DB-F577-4363-9424-484A9985A1ED}.Release|Any CPU.ActiveCfg = Release|Any CPU
		{709A79DB-F577-4363-9424-484A9985A1ED}.Release|Any CPU.Build.0 = Release|Any CPU
		{1427E797-8B42-4FAD-86C0-C1730B6F64F4}.Debug|Any CPU.ActiveCfg = Debug|Any CPU
		{1427E797-8B42-4FAD-86C0-C1730B6F64F4}.Debug|Any CPU.Build.0 = Debug|Any CPU
		{1427E797-8B42-4FAD-86C0-C1730B6F64F4}.Release|Any CPU.ActiveCfg = Release|Any CPU
		{1427E797-8B42-4FAD-86C0-C1730B6F64F4}.Release|Any CPU.Build.0 = Release|Any CPU
		{99FEE051-3803-41A7-A856-F0E9498144B9}.Debug|Any CPU.ActiveCfg = Debug|Any CPU
		{99FEE051-3803-41A7-A856-F0E9498144B9}.Debug|Any CPU.Build.0 = Debug|Any CPU
		{99FEE051-3803-41A7-A856-F0E9498144B9}.Release|Any CPU.ActiveCfg = Release|Any CPU
		{99FEE051-3803-41A7-A856-F0E9498144B9}.Release|Any CPU.Build.0 = Release|Any CPU
		{806C1C33-500A-4919-9815-5737934E5B74}.Debug|Any CPU.ActiveCfg = Debug|Any CPU
		{806C1C33-500A-4919-9815-5737934E5B74}.Debug|Any CPU.Build.0 = Debug|Any CPU
		{806C1C33-500A-4919-9815-5737934E5B74}.Release|Any CPU.ActiveCfg = Release|Any CPU
		{806C1C33-500A-4919-9815-5737934E5B74}.Release|Any CPU.Build.0 = Release|Any CPU
		{918EE10F-3C7D-419C-9B4A-879979C4F8A6}.Debug|Any CPU.ActiveCfg = Debug|Any CPU
		{918EE10F-3C7D-419C-9B4A-879979C4F8A6}.Debug|Any CPU.Build.0 = Debug|Any CPU
		{918EE10F-3C7D-419C-9B4A-879979C4F8A6}.Release|Any CPU.ActiveCfg = Release|Any CPU
		{918EE10F-3C7D-419C-9B4A-879979C4F8A6}.Release|Any CPU.Build.0 = Release|Any CPU
	EndGlobalSection
	GlobalSection(SolutionProperties) = preSolution
		HideSolutionNode = FALSE
	EndGlobalSection
	GlobalSection(NestedProjects) = preSolution
		{806C1C33-500A-4919-9815-5737934E5B74} = {4F18BCA2-04F6-4830-B443-39AFE4BCFE3B}
		{918EE10F-3C7D-419C-9B4A-879979C4F8A6} = {4F18BCA2-04F6-4830-B443-39AFE4BCFE3B}
	EndGlobalSection
	GlobalSection(ExtensibilityGlobals) = postSolution
		SolutionGuid = {96668046-B43D-4819-8C0C-90FC4B9F37F1}
	EndGlobalSection
EndGlobal
